// !$*UTF8*$!
{
	archiveVersion = 1;
	classes = {
	};
	objectVersion = 46;
	objects = {

/* Begin PBXBuildFile section */
		26305769137CE38000290E5E /* UIKit.framework in Frameworks */ = {isa = PBXBuildFile; fileRef = 26305768137CE38000290E5E /* UIKit.framework */; };
		2630576B137CE38000290E5E /* Foundation.framework in Frameworks */ = {isa = PBXBuildFile; fileRef = 2630576A137CE38000290E5E /* Foundation.framework */; };
		2630576D137CE38000290E5E /* CoreGraphics.framework in Frameworks */ = {isa = PBXBuildFile; fileRef = 2630576C137CE38000290E5E /* CoreGraphics.framework */; };
		26305773137CE38000290E5E /* InfoPlist.strings in Resources */ = {isa = PBXBuildFile; fileRef = 26305771137CE38000290E5E /* InfoPlist.strings */; };
		26305776137CE38000290E5E /* main.m in Sources */ = {isa = PBXBuildFile; fileRef = 26305775137CE38000290E5E /* main.m */; };
		26305779137CE38000290E5E /* RealEstateViewerAppDelegate.m in Sources */ = {isa = PBXBuildFile; fileRef = 26305778137CE38000290E5E /* RealEstateViewerAppDelegate.m */; };
		2630577C137CE38000290E5E /* MainWindow.xib in Resources */ = {isa = PBXBuildFile; fileRef = 2630577A137CE38000290E5E /* MainWindow.xib */; };
		26305790137CE51700290E5E /* SBJsonWriter.m in Sources */ = {isa = PBXBuildFile; fileRef = 26305785137CE51700290E5E /* SBJsonWriter.m */; };
		26305791137CE51700290E5E /* SBJsonParser.m in Sources */ = {isa = PBXBuildFile; fileRef = 26305787137CE51700290E5E /* SBJsonParser.m */; };
		26305792137CE51700290E5E /* SBJsonBase.m in Sources */ = {isa = PBXBuildFile; fileRef = 26305789137CE51700290E5E /* SBJsonBase.m */; };
		26305793137CE51700290E5E /* NSString+SBJSON.m in Sources */ = {isa = PBXBuildFile; fileRef = 2630578B137CE51700290E5E /* NSString+SBJSON.m */; };
		26305794137CE51700290E5E /* NSObject+SBJSON.m in Sources */ = {isa = PBXBuildFile; fileRef = 2630578D137CE51700290E5E /* NSObject+SBJSON.m */; };
		26305797137CE6F800290E5E /* ImageTableViewController.m in Sources */ = {isa = PBXBuildFile; fileRef = 26305796137CE6F800290E5E /* ImageTableViewController.m */; };
/* End PBXBuildFile section */

/* Begin PBXFileReference section */
		26305764137CE38000290E5E /* RealEstateViewer.app */ = {isa = PBXFileReference; explicitFileType = wrapper.application; includeInIndex = 0; path = RealEstateViewer.app; sourceTree = BUILT_PRODUCTS_DIR; };
		26305768137CE38000290E5E /* UIKit.framework */ = {isa = PBXFileReference; lastKnownFileType = wrapper.framework; name = UIKit.framework; path = System/Library/Frameworks/UIKit.framework; sourceTree = SDKROOT; };
		2630576A137CE38000290E5E /* Foundation.framework */ = {isa = PBXFileReference; lastKnownFileType = wrapper.framework; name = Foundation.framework; path = System/Library/Frameworks/Foundation.framework; sourceTree = SDKROOT; };
		2630576C137CE38000290E5E /* CoreGraphics.framework */ = {isa = PBXFileReference; lastKnownFileType = wrapper.framework; name = CoreGraphics.framework; path = System/Library/Frameworks/CoreGraphics.framework; sourceTree = SDKROOT; };
		26305770137CE38000290E5E /* RealEstateViewer-Info.plist */ = {isa = PBXFileReference; lastKnownFileType = text.plist.xml; path = "RealEstateViewer-Info.plist"; sourceTree = "<group>"; };
		26305772137CE38000290E5E /* en */ = {isa = PBXFileReference; lastKnownFileType = text.plist.strings; name = en; path = en.lproj/InfoPlist.strings; sourceTree = "<group>"; };
		26305774137CE38000290E5E /* RealEstateViewer-Prefix.pch */ = {isa = PBXFileReference; lastKnownFileType = sourcecode.c.h; path = "RealEstateViewer-Prefix.pch"; sourceTree = "<group>"; };
		26305775137CE38000290E5E /* main.m */ = {isa = PBXFileReference; lastKnownFileType = sourcecode.c.objc; path = main.m; sourceTree = "<group>"; };
		26305777137CE38000290E5E /* RealEstateViewerAppDelegate.h */ = {isa = PBXFileReference; lastKnownFileType = sourcecode.c.h; path = RealEstateViewerAppDelegate.h; sourceTree = "<group>"; };
		26305778137CE38000290E5E /* RealEstateViewerAppDelegate.m */ = {isa = PBXFileReference; lastKnownFileType = sourcecode.c.objc; path = RealEstateViewerAppDelegate.m; sourceTree = "<group>"; };
		2630577B137CE38000290E5E /* en */ = {isa = PBXFileReference; lastKnownFileType = file.xib; name = en; path = en.lproj/MainWindow.xib; sourceTree = "<group>"; };
		26305785137CE51700290E5E /* SBJsonWriter.m */ = {isa = PBXFileReference; fileEncoding = 4; lastKnownFileType = sourcecode.c.objc; path = SBJsonWriter.m; sourceTree = "<group>"; };
		26305786137CE51700290E5E /* SBJsonWriter.h */ = {isa = PBXFileReference; fileEncoding = 4; lastKnownFileType = sourcecode.c.h; path = SBJsonWriter.h; sourceTree = "<group>"; };
		26305787137CE51700290E5E /* SBJsonParser.m */ = {isa = PBXFileReference; fileEncoding = 4; lastKnownFileType = sourcecode.c.objc; path = SBJsonParser.m; sourceTree = "<group>"; };
		26305788137CE51700290E5E /* SBJsonParser.h */ = {isa = PBXFileReference; fileEncoding = 4; lastKnownFileType = sourcecode.c.h; path = SBJsonParser.h; sourceTree = "<group>"; };
		26305789137CE51700290E5E /* SBJsonBase.m */ = {isa = PBXFileReference; fileEncoding = 4; lastKnownFileType = sourcecode.c.objc; path = SBJsonBase.m; sourceTree = "<group>"; };
		2630578A137CE51700290E5E /* SBJsonBase.h */ = {isa = PBXFileReference; fileEncoding = 4; lastKnownFileType = sourcecode.c.h; path = SBJsonBase.h; sourceTree = "<group>"; };
		2630578B137CE51700290E5E /* NSString+SBJSON.m */ = {isa = PBXFileReference; fileEncoding = 4; lastKnownFileType = sourcecode.c.objc; path = "NSString+SBJSON.m"; sourceTree = "<group>"; };
		2630578C137CE51700290E5E /* NSString+SBJSON.h */ = {isa = PBXFileReference; fileEncoding = 4; lastKnownFileType = sourcecode.c.h; path = "NSString+SBJSON.h"; sourceTree = "<group>"; };
		2630578D137CE51700290E5E /* NSObject+SBJSON.m */ = {isa = PBXFileReference; fileEncoding = 4; lastKnownFileType = sourcecode.c.objc; path = "NSObject+SBJSON.m"; sourceTree = "<group>"; };
		2630578E137CE51700290E5E /* NSObject+SBJSON.h */ = {isa = PBXFileReference; fileEncoding = 4; lastKnownFileType = sourcecode.c.h; path = "NSObject+SBJSON.h"; sourceTree = "<group>"; };
		2630578F137CE51700290E5E /* JSON.h */ = {isa = PBXFileReference; fileEncoding = 4; lastKnownFileType = sourcecode.c.h; path = JSON.h; sourceTree = "<group>"; };
		26305795137CE6F800290E5E /* ImageTableViewController.h */ = {isa = PBXFileReference; fileEncoding = 4; lastKnownFileType = sourcecode.c.h; path = ImageTableViewController.h; sourceTree = "<group>"; };
		26305796137CE6F800290E5E /* ImageTableViewController.m */ = {isa = PBXFileReference; fileEncoding = 4; lastKnownFileType = sourcecode.c.objc; path = ImageTableViewController.m; sourceTree = "<group>"; };
/* End PBXFileReference section */

/* Begin PBXFrameworksBuildPhase section */
		26305761137CE37F00290E5E /* Frameworks */ = {
			isa = PBXFrameworksBuildPhase;
			buildActionMask = 2147483647;
			files = (
				26305769137CE38000290E5E /* UIKit.framework in Frameworks */,
				2630576B137CE38000290E5E /* Foundation.framework in Frameworks */,
				2630576D137CE38000290E5E /* CoreGraphics.framework in Frameworks */,
			);
			runOnlyForDeploymentPostprocessing = 0;
		};
/* End PBXFrameworksBuildPhase section */

/* Begin PBXGroup section */
		26305759137CE37F00290E5E = {
			isa = PBXGroup;
			children = (
				2630576E137CE38000290E5E /* RealEstateViewer */,
				26305767137CE38000290E5E /* Frameworks */,
				26305765137CE38000290E5E /* Products */,
			);
			sourceTree = "<group>";
		};
		26305765137CE38000290E5E /* Products */ = {
			isa = PBXGroup;
			children = (
				26305764137CE38000290E5E /* RealEstateViewer.app */,
			);
			name = Products;
			sourceTree = "<group>";
		};
		26305767137CE38000290E5E /* Frameworks */ = {
			isa = PBXGroup;
			children = (
				26305768137CE38000290E5E /* UIKit.framework */,
				2630576A137CE38000290E5E /* Foundation.framework */,
				2630576C137CE38000290E5E /* CoreGraphics.framework */,
			);
			name = Frameworks;
			sourceTree = "<group>";
		};
		2630576E137CE38000290E5E /* RealEstateViewer */ = {
			isa = PBXGroup;
			children = (
				26305777137CE38000290E5E /* RealEstateViewerAppDelegate.h */,
				26305778137CE38000290E5E /* RealEstateViewerAppDelegate.m */,
				2630577A137CE38000290E5E /* MainWindow.xib */,
				26305795137CE6F800290E5E /* ImageTableViewController.h */,
				26305796137CE6F800290E5E /* ImageTableViewController.m */,
				2630576F137CE38000290E5E /* Supporting Files */,
				26305785137CE51700290E5E /* SBJsonWriter.m */,
				26305786137CE51700290E5E /* SBJsonWriter.h */,
				26305787137CE51700290E5E /* SBJsonParser.m */,
				26305788137CE51700290E5E /* SBJsonParser.h */,
				26305789137CE51700290E5E /* SBJsonBase.m */,
				2630578A137CE51700290E5E /* SBJsonBase.h */,
				2630578B137CE51700290E5E /* NSString+SBJSON.m */,
				2630578C137CE51700290E5E /* NSString+SBJSON.h */,
				2630578D137CE51700290E5E /* NSObject+SBJSON.m */,
				2630578E137CE51700290E5E /* NSObject+SBJSON.h */,
				2630578F137CE51700290E5E /* JSON.h */,
			);
			path = RealEstateViewer;
			sourceTree = "<group>";
		};
		2630576F137CE38000290E5E /* Supporting Files */ = {
			isa = PBXGroup;
			children = (
				26305770137CE38000290E5E /* RealEstateViewer-Info.plist */,
				26305771137CE38000290E5E /* InfoPlist.strings */,
				26305774137CE38000290E5E /* RealEstateViewer-Prefix.pch */,
				26305775137CE38000290E5E /* main.m */,
			);
			name = "Supporting Files";
			sourceTree = "<group>";
		};
/* End PBXGroup section */

/* Begin PBXNativeTarget section */
		26305763137CE37F00290E5E /* RealEstateViewer */ = {
			isa = PBXNativeTarget;
			buildConfigurationList = 2630577F137CE38000290E5E /* Build configuration list for PBXNativeTarget "RealEstateViewer" */;
			buildPhases = (
				26305760137CE37F00290E5E /* Sources */,
				26305761137CE37F00290E5E /* Frameworks */,
				26305762137CE37F00290E5E /* Resources */,
			);
			buildRules = (
			);
			dependencies = (
			);
			name = RealEstateViewer;
			productName = RealEstateViewer;
			productReference = 26305764137CE38000290E5E /* RealEstateViewer.app */;
			productType = "com.apple.product-type.application";
		};
/* End PBXNativeTarget section */

/* Begin PBXProject section */
		2630575B137CE37F00290E5E /* Project object */ = {
			isa = PBXProject;
			buildConfigurationList = 2630575E137CE37F00290E5E /* Build configuration list for PBXProject "RealEstateViewer" */;
			compatibilityVersion = "Xcode 3.2";
			developmentRegion = English;
			hasScannedForEncodings = 0;
			knownRegions = (
				en,
			);
			mainGroup = 26305759137CE37F00290E5E;
			productRefGroup = 26305765137CE38000290E5E /* Products */;
			projectDirPath = "";
			projectRoot = "";
			targets = (
				26305763137CE37F00290E5E /* RealEstateViewer */,
			);
		};
/* End PBXProject section */

/* Begin PBXResourcesBuildPhase section */
		26305762137CE37F00290E5E /* Resources */ = {
			isa = PBXResourcesBuildPhase;
			buildActionMask = 2147483647;
			files = (
				26305773137CE38000290E5E /* InfoPlist.strings in Resources */,
				2630577C137CE38000290E5E /* MainWindow.xib in Resources */,
			);
			runOnlyForDeploymentPostprocessing = 0;
		};
/* End PBXResourcesBuildPhase section */

/* Begin PBXSourcesBuildPhase section */
		26305760137CE37F00290E5E /* Sources */ = {
			isa = PBXSourcesBuildPhase;
			buildActionMask = 2147483647;
			files = (
				26305776137CE38000290E5E /* main.m in Sources */,
				26305779137CE38000290E5E /* RealEstateViewerAppDelegate.m in Sources */,
				26305790137CE51700290E5E /* SBJsonWriter.m in Sources */,
				26305791137CE51700290E5E /* SBJsonParser.m in Sources */,
				26305792137CE51700290E5E /* SBJsonBase.m in Sources */,
				26305793137CE51700290E5E /* NSString+SBJSON.m in Sources */,
				26305794137CE51700290E5E /* NSObject+SBJSON.m in Sources */,
				26305797137CE6F800290E5E /* ImageTableViewController.m in Sources */,
			);
			runOnlyForDeploymentPostprocessing = 0;
		};
/* End PBXSourcesBuildPhase section */

/* Begin PBXVariantGroup section */
		26305771137CE38000290E5E /* InfoPlist.strings */ = {
			isa = PBXVariantGroup;
			children = (
				26305772137CE38000290E5E /* en */,
			);
			name = InfoPlist.strings;
			sourceTree = "<group>";
		};
		2630577A137CE38000290E5E /* MainWindow.xib */ = {
			isa = PBXVariantGroup;
			children = (
				2630577B137CE38000290E5E /* en */,
			);
			name = MainWindow.xib;
			sourceTree = "<group>";
		};
/* End PBXVariantGroup section */

/* Begin XCBuildConfiguration section */
		2630577D137CE38000290E5E /* Debug */ = {
			isa = XCBuildConfiguration;
			buildSettings = {
				ARCHS = "$(ARCHS_STANDARD_32_BIT)";
				"CODE_SIGN_IDENTITY[sdk=iphoneos*]" = "iPhone Developer";
				GCC_C_LANGUAGE_STANDARD = gnu99;
				GCC_OPTIMIZATION_LEVEL = 0;
				GCC_PREPROCESSOR_DEFINITIONS = DEBUG;
				GCC_SYMBOLS_PRIVATE_EXTERN = NO;
				GCC_VERSION = com.apple.compilers.llvmgcc42;
				GCC_WARN_ABOUT_RETURN_TYPE = YES;
				GCC_WARN_UNUSED_VARIABLE = YES;
				IPHONEOS_DEPLOYMENT_TARGET = 4.3;
				SDKROOT = iphoneos;
			};
			name = Debug;
		};
		2630577E137CE38000290E5E /* Release */ = {
			isa = XCBuildConfiguration;
			buildSettings = {
				ARCHS = "$(ARCHS_STANDARD_32_BIT)";
				"CODE_SIGN_IDENTITY[sdk=iphoneos*]" = "iPhone Developer";
				GCC_C_LANGUAGE_STANDARD = gnu99;
				GCC_VERSION = com.apple.compilers.llvmgcc42;
				GCC_WARN_ABOUT_RETURN_TYPE = YES;
				GCC_WARN_UNUSED_VARIABLE = YES;
				IPHONEOS_DEPLOYMENT_TARGET = 4.3;
				OTHER_CFLAGS = "-DNS_BLOCK_ASSERTIONS=1";
				SDKROOT = iphoneos;
			};
			name = Release;
		};
		26305780137CE38000290E5E /* Debug */ = {
			isa = XCBuildConfiguration;
			buildSettings = {
				ALWAYS_SEARCH_USER_PATHS = NO;
				COPY_PHASE_STRIP = NO;
				GCC_DYNAMIC_NO_PIC = NO;
				GCC_PRECOMPILE_PREFIX_HEADER = YES;
				GCC_PREFIX_HEADER = "RealEstateViewer/RealEstateViewer-Prefix.pch";
				INFOPLIST_FILE = "RealEstateViewer/RealEstateViewer-Info.plist";
				PRODUCT_NAME = "$(TARGET_NAME)";
				WRAPPER_EXTENSION = app;
			};
			name = Debug;
		};
		26305781137CE38000290E5E /* Release */ = {
			isa = XCBuildConfiguration;
			buildSettings = {
				ALWAYS_SEARCH_USER_PATHS = NO;
				COPY_PHASE_STRIP = YES;
				GCC_PRECOMPILE_PREFIX_HEADER = YES;
				GCC_PREFIX_HEADER = "RealEstateViewer/RealEstateViewer-Prefix.pch";
				INFOPLIST_FILE = "RealEstateViewer/RealEstateViewer-Info.plist";
				PRODUCT_NAME = "$(TARGET_NAME)";
				VALIDATE_PRODUCT = YES;
				WRAPPER_EXTENSION = app;
			};
			name = Release;
		};
/* End XCBuildConfiguration section */

/* Begin XCConfigurationList section */
		2630575E137CE37F00290E5E /* Build configuration list for PBXProject "RealEstateViewer" */ = {
			isa = XCConfigurationList;
			buildConfigurations = (
				2630577D137CE38000290E5E /* Debug */,
				2630577E137CE38000290E5E /* Release */,
			);
			defaultConfigurationIsVisible = 0;
			defaultConfigurationName = Release;
		};
		2630577F137CE38000290E5E /* Build configuration list for PBXNativeTarget "RealEstateViewer" */ = {
			isa = XCConfigurationList;
			buildConfigurations = (
				26305780137CE38000290E5E /* Debug */,
				26305781137CE38000290E5E /* Release */,
			);
			defaultConfigurationIsVisible = 0;
		};
/* End XCConfigurationList section */
	};
	rootObject = 2630575B137CE37F00290E5E /* Project object */;
}
