// !$*UTF8*$!
{
	archiveVersion = 1;
	classes = {
	};
	objectVersion = 46;
	objects = {

/* Begin PBXBuildFile section */
		2680092313791E2300160973 /* UIKit.framework in Frameworks */ = {isa = PBXBuildFile; fileRef = 2680092213791E2300160973 /* UIKit.framework */; };
		2680092513791E2300160973 /* Foundation.framework in Frameworks */ = {isa = PBXBuildFile; fileRef = 2680092413791E2300160973 /* Foundation.framework */; };
		2680092713791E2300160973 /* CoreGraphics.framework in Frameworks */ = {isa = PBXBuildFile; fileRef = 2680092613791E2300160973 /* CoreGraphics.framework */; };
		2680092D13791E2300160973 /* InfoPlist.strings in Resources */ = {isa = PBXBuildFile; fileRef = 2680092B13791E2300160973 /* InfoPlist.strings */; };
		2680093013791E2300160973 /* main.m in Sources */ = {isa = PBXBuildFile; fileRef = 2680092F13791E2300160973 /* main.m */; };
		2680093313791E2300160973 /* CoinTossAppDelegate.m in Sources */ = {isa = PBXBuildFile; fileRef = 2680093213791E2300160973 /* CoinTossAppDelegate.m */; };
		2680093613791E2300160973 /* MainWindow.xib in Resources */ = {isa = PBXBuildFile; fileRef = 2680093413791E2300160973 /* MainWindow.xib */; };
		2680093913791E2300160973 /* CoinTossViewController.m in Sources */ = {isa = PBXBuildFile; fileRef = 2680093813791E2300160973 /* CoinTossViewController.m */; };
		2680093C13791E2300160973 /* CoinTossViewController.xib in Resources */ = {isa = PBXBuildFile; fileRef = 2680093A13791E2300160973 /* CoinTossViewController.xib */; };
		2680094B13791EF700160973 /* QuartzCore.framework in Frameworks */ = {isa = PBXBuildFile; fileRef = 2680094A13791EF700160973 /* QuartzCore.framework */; };
/* End PBXBuildFile section */

/* Begin PBXFileReference section */
		2680091E13791E2300160973 /* CoinToss.app */ = {isa = PBXFileReference; explicitFileType = wrapper.application; includeInIndex = 0; path = CoinToss.app; sourceTree = BUILT_PRODUCTS_DIR; };
		2680092213791E2300160973 /* UIKit.framework */ = {isa = PBXFileReference; lastKnownFileType = wrapper.framework; name = UIKit.framework; path = System/Library/Frameworks/UIKit.framework; sourceTree = SDKROOT; };
		2680092413791E2300160973 /* Foundation.framework */ = {isa = PBXFileReference; lastKnownFileType = wrapper.framework; name = Foundation.framework; path = System/Library/Frameworks/Foundation.framework; sourceTree = SDKROOT; };
		2680092613791E2300160973 /* CoreGraphics.framework */ = {isa = PBXFileReference; lastKnownFileType = wrapper.framework; name = CoreGraphics.framework; path = System/Library/Frameworks/CoreGraphics.framework; sourceTree = SDKROOT; };
		2680092A13791E2300160973 /* CoinToss-Info.plist */ = {isa = PBXFileReference; lastKnownFileType = text.plist.xml; path = "CoinToss-Info.plist"; sourceTree = "<group>"; };
		2680092C13791E2300160973 /* en */ = {isa = PBXFileReference; lastKnownFileType = text.plist.strings; name = en; path = en.lproj/InfoPlist.strings; sourceTree = "<group>"; };
		2680092E13791E2300160973 /* CoinToss-Prefix.pch */ = {isa = PBXFileReference; lastKnownFileType = sourcecode.c.h; path = "CoinToss-Prefix.pch"; sourceTree = "<group>"; };
		2680092F13791E2300160973 /* main.m */ = {isa = PBXFileReference; lastKnownFileType = sourcecode.c.objc; path = main.m; sourceTree = "<group>"; };
		2680093113791E2300160973 /* CoinTossAppDelegate.h */ = {isa = PBXFileReference; lastKnownFileType = sourcecode.c.h; path = CoinTossAppDelegate.h; sourceTree = "<group>"; };
		2680093213791E2300160973 /* CoinTossAppDelegate.m */ = {isa = PBXFileReference; lastKnownFileType = sourcecode.c.objc; path = CoinTossAppDelegate.m; sourceTree = "<group>"; };
		2680093513791E2300160973 /* en */ = {isa = PBXFileReference; lastKnownFileType = file.xib; name = en; path = en.lproj/MainWindow.xib; sourceTree = "<group>"; };
		2680093713791E2300160973 /* CoinTossViewController.h */ = {isa = PBXFileReference; lastKnownFileType = sourcecode.c.h; path = CoinTossViewController.h; sourceTree = "<group>"; };
		2680093813791E2300160973 /* CoinTossViewController.m */ = {isa = PBXFileReference; lastKnownFileType = sourcecode.c.objc; path = CoinTossViewController.m; sourceTree = "<group>"; };
		2680093B13791E2300160973 /* en */ = {isa = PBXFileReference; lastKnownFileType = file.xib; name = en; path = en.lproj/CoinTossViewController.xib; sourceTree = "<group>"; };
		2680094A13791EF700160973 /* QuartzCore.framework */ = {isa = PBXFileReference; lastKnownFileType = wrapper.framework; name = QuartzCore.framework; path = System/Library/Frameworks/QuartzCore.framework; sourceTree = SDKROOT; };
/* End PBXFileReference section */

/* Begin PBXFrameworksBuildPhase section */
		2680091B13791E2300160973 /* Frameworks */ = {
			isa = PBXFrameworksBuildPhase;
			buildActionMask = 2147483647;
			files = (
				2680094B13791EF700160973 /* QuartzCore.framework in Frameworks */,
				2680092313791E2300160973 /* UIKit.framework in Frameworks */,
				2680092513791E2300160973 /* Foundation.framework in Frameworks */,
				2680092713791E2300160973 /* CoreGraphics.framework in Frameworks */,
			);
			runOnlyForDeploymentPostprocessing = 0;
		};
/* End PBXFrameworksBuildPhase section */

/* Begin PBXGroup section */
		2680091313791E2300160973 = {
			isa = PBXGroup;
			children = (
				2680094A13791EF700160973 /* QuartzCore.framework */,
				2680092813791E2300160973 /* CoinToss */,
				2680092113791E2300160973 /* Frameworks */,
				2680091F13791E2300160973 /* Products */,
			);
			sourceTree = "<group>";
		};
		2680091F13791E2300160973 /* Products */ = {
			isa = PBXGroup;
			children = (
				2680091E13791E2300160973 /* CoinToss.app */,
			);
			name = Products;
			sourceTree = "<group>";
		};
		2680092113791E2300160973 /* Frameworks */ = {
			isa = PBXGroup;
			children = (
				2680092213791E2300160973 /* UIKit.framework */,
				2680092413791E2300160973 /* Foundation.framework */,
				2680092613791E2300160973 /* CoreGraphics.framework */,
			);
			name = Frameworks;
			sourceTree = "<group>";
		};
		2680092813791E2300160973 /* CoinToss */ = {
			isa = PBXGroup;
			children = (
				2680093113791E2300160973 /* CoinTossAppDelegate.h */,
				2680093213791E2300160973 /* CoinTossAppDelegate.m */,
				2680093413791E2300160973 /* MainWindow.xib */,
				2680093713791E2300160973 /* CoinTossViewController.h */,
				2680093813791E2300160973 /* CoinTossViewController.m */,
				2680093A13791E2300160973 /* CoinTossViewController.xib */,
				2680092913791E2300160973 /* Supporting Files */,
			);
			path = CoinToss;
			sourceTree = "<group>";
		};
		2680092913791E2300160973 /* Supporting Files */ = {
			isa = PBXGroup;
			children = (
				2680092A13791E2300160973 /* CoinToss-Info.plist */,
				2680092B13791E2300160973 /* InfoPlist.strings */,
				2680092E13791E2300160973 /* CoinToss-Prefix.pch */,
				2680092F13791E2300160973 /* main.m */,
			);
			name = "Supporting Files";
			sourceTree = "<group>";
		};
/* End PBXGroup section */

/* Begin PBXNativeTarget section */
		2680091D13791E2300160973 /* CoinToss */ = {
			isa = PBXNativeTarget;
			buildConfigurationList = 2680093F13791E2400160973 /* Build configuration list for PBXNativeTarget "CoinToss" */;
			buildPhases = (
				2680091A13791E2300160973 /* Sources */,
				2680091B13791E2300160973 /* Frameworks */,
				2680091C13791E2300160973 /* Resources */,
			);
			buildRules = (
			);
			dependencies = (
			);
			name = CoinToss;
			productName = CoinToss;
			productReference = 2680091E13791E2300160973 /* CoinToss.app */;
			productType = "com.apple.product-type.application";
		};
/* End PBXNativeTarget section */

/* Begin PBXProject section */
		2680091513791E2300160973 /* Project object */ = {
			isa = PBXProject;
			buildConfigurationList = 2680091813791E2300160973 /* Build configuration list for PBXProject "CoinToss" */;
			compatibilityVersion = "Xcode 3.2";
			developmentRegion = English;
			hasScannedForEncodings = 0;
			knownRegions = (
				en,
			);
			mainGroup = 2680091313791E2300160973;
			productRefGroup = 2680091F13791E2300160973 /* Products */;
			projectDirPath = "";
			projectRoot = "";
			targets = (
				2680091D13791E2300160973 /* CoinToss */,
			);
		};
/* End PBXProject section */

/* Begin PBXResourcesBuildPhase section */
		2680091C13791E2300160973 /* Resources */ = {
			isa = PBXResourcesBuildPhase;
			buildActionMask = 2147483647;
			files = (
				2680092D13791E2300160973 /* InfoPlist.strings in Resources */,
				2680093613791E2300160973 /* MainWindow.xib in Resources */,
				2680093C13791E2300160973 /* CoinTossViewController.xib in Resources */,
			);
			runOnlyForDeploymentPostprocessing = 0;
		};
/* End PBXResourcesBuildPhase section */

/* Begin PBXSourcesBuildPhase section */
		2680091A13791E2300160973 /* Sources */ = {
			isa = PBXSourcesBuildPhase;
			buildActionMask = 2147483647;
			files = (
				2680093013791E2300160973 /* main.m in Sources */,
				2680093313791E2300160973 /* CoinTossAppDelegate.m in Sources */,
				2680093913791E2300160973 /* CoinTossViewController.m in Sources */,
			);
			runOnlyForDeploymentPostprocessing = 0;
		};
/* End PBXSourcesBuildPhase section */

/* Begin PBXVariantGroup section */
		2680092B13791E2300160973 /* InfoPlist.strings */ = {
			isa = PBXVariantGroup;
			children = (
				2680092C13791E2300160973 /* en */,
			);
			name = InfoPlist.strings;
			sourceTree = "<group>";
		};
		2680093413791E2300160973 /* MainWindow.xib */ = {
			isa = PBXVariantGroup;
			children = (
				2680093513791E2300160973 /* en */,
			);
			name = MainWindow.xib;
			sourceTree = "<group>";
		};
		2680093A13791E2300160973 /* CoinTossViewController.xib */ = {
			isa = PBXVariantGroup;
			children = (
				2680093B13791E2300160973 /* en */,
			);
			name = CoinTossViewController.xib;
			sourceTree = "<group>";
		};
/* End PBXVariantGroup section */

/* Begin XCBuildConfiguration section */
		2680093D13791E2400160973 /* Debug */ = {
			isa = XCBuildConfiguration;
			buildSettings = {
				ARCHS = "$(ARCHS_STANDARD_32_BIT)";
				"CODE_SIGN_IDENTITY[sdk=iphoneos*]" = "iPhone Developer";
				GCC_C_LANGUAGE_STANDARD = gnu99;
				GCC_OPTIMIZATION_LEVEL = 0;
				GCC_PREPROCESSOR_DEFINITIONS = DEBUG;
				GCC_SYMBOLS_PRIVATE_EXTERN = NO;
				GCC_VERSION = com.apple.compilers.llvmgcc42;
				GCC_WARN_ABOUT_RETURN_TYPE = YES;
				GCC_WARN_UNUSED_VARIABLE = YES;
				IPHONEOS_DEPLOYMENT_TARGET = 4.3;
				SDKROOT = iphoneos;
			};
			name = Debug;
		};
		2680093E13791E2400160973 /* Release */ = {
			isa = XCBuildConfiguration;
			buildSettings = {
				ARCHS = "$(ARCHS_STANDARD_32_BIT)";
				"CODE_SIGN_IDENTITY[sdk=iphoneos*]" = "iPhone Developer";
				GCC_C_LANGUAGE_STANDARD = gnu99;
				GCC_VERSION = com.apple.compilers.llvmgcc42;
				GCC_WARN_ABOUT_RETURN_TYPE = YES;
				GCC_WARN_UNUSED_VARIABLE = YES;
				IPHONEOS_DEPLOYMENT_TARGET = 4.3;
				OTHER_CFLAGS = "-DNS_BLOCK_ASSERTIONS=1";
				SDKROOT = iphoneos;
			};
			name = Release;
		};
		2680094013791E2400160973 /* Debug */ = {
			isa = XCBuildConfiguration;
			buildSettings = {
				ALWAYS_SEARCH_USER_PATHS = NO;
				COPY_PHASE_STRIP = NO;
				GCC_DYNAMIC_NO_PIC = NO;
				GCC_PRECOMPILE_PREFIX_HEADER = YES;
				GCC_PREFIX_HEADER = "CoinToss/CoinToss-Prefix.pch";
				INFOPLIST_FILE = "CoinToss/CoinToss-Info.plist";
				PRODUCT_NAME = "$(TARGET_NAME)";
				WRAPPER_EXTENSION = app;
			};
			name = Debug;
		};
		2680094113791E2400160973 /* Release */ = {
			isa = XCBuildConfiguration;
			buildSettings = {
				ALWAYS_SEARCH_USER_PATHS = NO;
				COPY_PHASE_STRIP = YES;
				GCC_PRECOMPILE_PREFIX_HEADER = YES;
				GCC_PREFIX_HEADER = "CoinToss/CoinToss-Prefix.pch";
				INFOPLIST_FILE = "CoinToss/CoinToss-Info.plist";
				PRODUCT_NAME = "$(TARGET_NAME)";
				VALIDATE_PRODUCT = YES;
				WRAPPER_EXTENSION = app;
			};
			name = Release;
		};
/* End XCBuildConfiguration section */

/* Begin XCConfigurationList section */
		2680091813791E2300160973 /* Build configuration list for PBXProject "CoinToss" */ = {
			isa = XCConfigurationList;
			buildConfigurations = (
				2680093D13791E2400160973 /* Debug */,
				2680093E13791E2400160973 /* Release */,
			);
			defaultConfigurationIsVisible = 0;
			defaultConfigurationName = Release;
		};
		2680093F13791E2400160973 /* Build configuration list for PBXNativeTarget "CoinToss" */ = {
			isa = XCConfigurationList;
			buildConfigurations = (
				2680094013791E2400160973 /* Debug */,
				2680094113791E2400160973 /* Release */,
			);
			defaultConfigurationIsVisible = 0;
		};
/* End XCConfigurationList section */
	};
	rootObject = 2680091513791E2300160973 /* Project object */;
}
